
Microsoft Visual Studio Solution File, Format Version 12.00
# Visual Studio Version 17
VisualStudioVersion = 17.13.35828.75 d17.13
MinimumVisualStudioVersion = 10.0.40219.1
Project("{FAE04EC0-301F-11D3-BF4B-00C04F79EFBC}") = "ProductoInventarioApi", "ProductoInventarioApi.csproj", "{892CEE3A-0F2A-4C7D-8BDE-C00475FD3AEE}"
EndProject
Global
	GlobalSection(SolutionConfigurationPlatforms) = preSolution
		Debug|Any CPU = Debug|Any CPU
		Release|Any CPU = Release|Any CPU
	EndGlobalSection
	GlobalSection(ProjectConfigurationPlatforms) = postSolution
		{892CEE3A-0F2A-4C7D-8BDE-C00475FD3AEE}.Debug|Any CPU.ActiveCfg = Debug|Any CPU
		{892CEE3A-0F2A-4C7D-8BDE-C00475FD3AEE}.Debug|Any CPU.Build.0 = Debug|Any CPU
		{892CEE3A-0F2A-4C7D-8BDE-C00475FD3AEE}.Release|Any CPU.ActiveCfg = Release|Any CPU
		{892CEE3A-0F2A-4C7D-8BDE-C00475FD3AEE}.Release|Any CPU.Build.0 = Release|Any CPU
	EndGlobalSection
	GlobalSection(SolutionProperties) = preSolution
		HideSolutionNode = FALSE
	EndGlobalSection
	GlobalSection(ExtensibilityGlobals) = postSolution
		SolutionGuid = {4F2E443B-AA6B-43F6-A955-3094994309AF}
	EndGlobalSection
EndGlobal
